
Microsoft Visual Studio Solution File, Format Version 12.00
# Visual Studio Version 17
VisualStudioVersion = 17.6.33712.159
MinimumVisualStudioVersion = 10.0.40219.1
Project("{FAE04EC0-301F-11D3-BF4B-00C04F79EFBC}") = "proyectoProgra6App_JoselinM.Android", "proyectoProgra6App_JoselinM\proyectoProgra6App_JoselinM.Android\proyectoProgra6App_JoselinM.Android.csproj", "{D707871D-A44D-4662-814C-0B1EFC84A79B}"
EndProject
Project("{FAE04EC0-301F-11D3-BF4B-00C04F79EFBC}") = "proyectoProgra6App_JoselinM.iOS", "proyectoProgra6App_JoselinM\proyectoProgra6App_JoselinM.iOS\proyectoProgra6App_JoselinM.iOS.csproj", "{33F9C162-57E4-4398-B4D7-69AFD1B7961B}"
EndProject
Project("{FAE04EC0-301F-11D3-BF4B-00C04F79EFBC}") = "proyectoProgra6App_JoselinM", "proyectoProgra6App_JoselinM\proyectoProgra6App_JoselinM\proyectoProgra6App_JoselinM.csproj", "{069CCD06-6F82-4A31-9660-46FD1468CB15}"
EndProject
Global
	GlobalSection(SolutionConfigurationPlatforms) = preSolution
		Debug|Any CPU = Debug|Any CPU
		Debug|iPhone = Debug|iPhone
		Debug|iPhoneSimulator = Debug|iPhoneSimulator
		Release|Any CPU = Release|Any CPU
		Release|iPhone = Release|iPhone
		Release|iPhoneSimulator = Release|iPhoneSimulator
	EndGlobalSection
	GlobalSection(ProjectConfigurationPlatforms) = postSolution
		{D707871D-A44D-4662-814C-0B1EFC84A79B}.Debug|Any CPU.ActiveCfg = Debug|Any CPU
		{D707871D-A44D-4662-814C-0B1EFC84A79B}.Debug|Any CPU.Build.0 = Debug|Any CPU
		{D707871D-A44D-4662-814C-0B1EFC84A79B}.Debug|Any CPU.Deploy.0 = Debug|Any CPU
		{D707871D-A44D-4662-814C-0B1EFC84A79B}.Debug|iPhone.ActiveCfg = Debug|Any CPU
		{D707871D-A44D-4662-814C-0B1EFC84A79B}.Debug|iPhone.Build.0 = Debug|Any CPU
		{D707871D-A44D-4662-814C-0B1EFC84A79B}.Debug|iPhone.Deploy.0 = Debug|Any CPU
		{D707871D-A44D-4662-814C-0B1EFC84A79B}.Debug|iPhoneSimulator.ActiveCfg = Debug|Any CPU
		{D707871D-A44D-4662-814C-0B1EFC84A79B}.Debug|iPhoneSimulator.Build.0 = Debug|Any CPU
		{D707871D-A44D-4662-814C-0B1EFC84A79B}.Debug|iPhoneSimulator.Deploy.0 = Debug|Any CPU
		{D707871D-A44D-4662-814C-0B1EFC84A79B}.Release|Any CPU.ActiveCfg = Release|Any CPU
		{D707871D-A44D-4662-814C-0B1EFC84A79B}.Release|Any CPU.Build.0 = Release|Any CPU
		{D707871D-A44D-4662-814C-0B1EFC84A79B}.Release|Any CPU.Deploy.0 = Release|Any CPU
		{D707871D-A44D-4662-814C-0B1EFC84A79B}.Release|iPhone.ActiveCfg = Release|Any CPU
		{D707871D-A44D-4662-814C-0B1EFC84A79B}.Release|iPhone.Build.0 = Release|Any CPU
		{D707871D-A44D-4662-814C-0B1EFC84A79B}.Release|iPhone.Deploy.0 = Release|Any CPU
		{D707871D-A44D-4662-814C-0B1EFC84A79B}.Release|iPhoneSimulator.ActiveCfg = Release|Any CPU
		{D707871D-A44D-4662-814C-0B1EFC84A79B}.Release|iPhoneSimulator.Build.0 = Release|Any CPU
		{D707871D-A44D-4662-814C-0B1EFC84A79B}.Release|iPhoneSimulator.Deploy.0 = Release|Any CPU
		{33F9C162-57E4-4398-B4D7-69AFD1B7961B}.Debug|Any CPU.ActiveCfg = Debug|iPhone
		{33F9C162-57E4-4398-B4D7-69AFD1B7961B}.Debug|Any CPU.Build.0 = Debug|iPhone
		{33F9C162-57E4-4398-B4D7-69AFD1B7961B}.Debug|Any CPU.Deploy.0 = Debug|iPhone
		{33F9C162-57E4-4398-B4D7-69AFD1B7961B}.Debug|iPhone.ActiveCfg = Debug|iPhone
		{33F9C162-57E4-4398-B4D7-69AFD1B7961B}.Debug|iPhone.Build.0 = Debug|iPhone
		{33F9C162-57E4-4398-B4D7-69AFD1B7961B}.Debug|iPhone.Deploy.0 = Debug|iPhone
		{33F9C162-57E4-4398-B4D7-69AFD1B7961B}.Debug|iPhoneSimulator.ActiveCfg = Debug|iPhoneSimulator
		{33F9C162-57E4-4398-B4D7-69AFD1B7961B}.Debug|iPhoneSimulator.Build.0 = Debug|iPhoneSimulator
		{33F9C162-57E4-4398-B4D7-69AFD1B7961B}.Debug|iPhoneSimulator.Deploy.0 = Debug|iPhoneSimulator
		{33F9C162-57E4-4398-B4D7-69AFD1B7961B}.Release|Any CPU.ActiveCfg = Release|iPhoneSimulator
		{33F9C162-57E4-4398-B4D7-69AFD1B7961B}.Release|Any CPU.Build.0 = Release|iPhoneSimulator
		{33F9C162-57E4-4398-B4D7-69AFD1B7961B}.Release|Any CPU.Deploy.0 = Release|iPhoneSimulator
		{33F9C162-57E4-4398-B4D7-69AFD1B7961B}.Release|iPhone.ActiveCfg = Release|iPhone
		{33F9C162-57E4-4398-B4D7-69AFD1B7961B}.Release|iPhone.Build.0 = Release|iPhone
		{33F9C162-57E4-4398-B4D7-69AFD1B7961B}.Release|iPhone.Deploy.0 = Release|iPhone
		{33F9C162-57E4-4398-B4D7-69AFD1B7961B}.Release|iPhoneSimulator.ActiveCfg = Release|iPhoneSimulator
		{33F9C162-57E4-4398-B4D7-69AFD1B7961B}.Release|iPhoneSimulator.Build.0 = Release|iPhoneSimulator
		{33F9C162-57E4-4398-B4D7-69AFD1B7961B}.Release|iPhoneSimulator.Deploy.0 = Release|iPhoneSimulator
		{069CCD06-6F82-4A31-9660-46FD1468CB15}.Debug|Any CPU.ActiveCfg = Debug|Any CPU
		{069CCD06-6F82-4A31-9660-46FD1468CB15}.Debug|Any CPU.Build.0 = Debug|Any CPU
		{069CCD06-6F82-4A31-9660-46FD1468CB15}.Debug|Any CPU.Deploy.0 = Debug|Any CPU
		{069CCD06-6F82-4A31-9660-46FD1468CB15}.Debug|iPhone.ActiveCfg = Debug|Any CPU
		{069CCD06-6F82-4A31-9660-46FD1468CB15}.Debug|iPhone.Build.0 = Debug|Any CPU
		{069CCD06-6F82-4A31-9660-46FD1468CB15}.Debug|iPhone.Deploy.0 = Debug|Any CPU
		{069CCD06-6F82-4A31-9660-46FD1468CB15}.Debug|iPhoneSimulator.ActiveCfg = Debug|Any CPU
		{069CCD06-6F82-4A31-9660-46FD1468CB15}.Debug|iPhoneSimulator.Build.0 = Debug|Any CPU
		{069CCD06-6F82-4A31-9660-46FD1468CB15}.Debug|iPhoneSimulator.Deploy.0 = Debug|Any CPU
		{069CCD06-6F82-4A31-9660-46FD1468CB15}.Release|Any CPU.ActiveCfg = Release|Any CPU
		{069CCD06-6F82-4A31-9660-46FD1468CB15}.Release|Any CPU.Build.0 = Release|Any CPU
		{069CCD06-6F82-4A31-9660-46FD1468CB15}.Release|Any CPU.Deploy.0 = Release|Any CPU
		{069CCD06-6F82-4A31-9660-46FD1468CB15}.Release|iPhone.ActiveCfg = Release|Any CPU
		{069CCD06-6F82-4A31-9660-46FD1468CB15}.Release|iPhone.Build.0 = Release|Any CPU
		{069CCD06-6F82-4A31-9660-46FD1468CB15}.Release|iPhone.Deploy.0 = Release|Any CPU
		{069CCD06-6F82-4A31-9660-46FD1468CB15}.Release|iPhoneSimulator.ActiveCfg = Release|Any CPU
		{069CCD06-6F82-4A31-9660-46FD1468CB15}.Release|iPhoneSimulator.Build.0 = Release|Any CPU
		{069CCD06-6F82-4A31-9660-46FD1468CB15}.Release|iPhoneSimulator.Deploy.0 = Release|Any CPU
	EndGlobalSection
	GlobalSection(SolutionProperties) = preSolution
		HideSolutionNode = FALSE
	EndGlobalSection
	GlobalSection(ExtensibilityGlobals) = postSolution
		SolutionGuid = {A8EE5BA5-0C47-42DC-BB0A-72F69A1B47A8}
	EndGlobalSection
EndGlobal
